
Microsoft Visual Studio Solution File, Format Version 12.00
# Visual Studio Version 16
VisualStudioVersion = 16.0.29911.84
MinimumVisualStudioVersion = 10.0.40219.1
Project("{FAE04EC0-301F-11D3-BF4B-00C04F79EFBC}") = "502StartupError", "502StartupError.csproj", "{F8235694-AC93-4C6D-957F-E1D2594C8D2B}"
EndProject
Global
	GlobalSection(SolutionConfigurationPlatforms) = preSolution
		Debug|Any CPU = Debug|Any CPU
		Release|Any CPU = Release|Any CPU
	EndGlobalSection
	GlobalSection(ProjectConfigurationPlatforms) = postSolution
		{F8235694-AC93-4C6D-957F-E1D2594C8D2B}.Debug|Any CPU.ActiveCfg = Debug|Any CPU
		{F8235694-AC93-4C6D-957F-E1D2594C8D2B}.Debug|Any CPU.Build.0 = Debug|Any CPU
		{F8235694-AC93-4C6D-957F-E1D2594C8D2B}.Release|Any CPU.ActiveCfg = Release|Any CPU
		{F8235694-AC93-4C6D-957F-E1D2594C8D2B}.Release|Any CPU.Build.0 = Release|Any CPU
	EndGlobalSection
	GlobalSection(SolutionProperties) = preSolution
		HideSolutionNode = FALSE
	EndGlobalSection
	GlobalSection(ExtensibilityGlobals) = postSolution
		SolutionGuid = {D919492E-BC56-4926-A0DE-08FDB3C2F8C0}
	EndGlobalSection
EndGlobal
